# THIS IS AN AUTOGENERATED FILE. DO NOT EDIT THIS FILE DIRECTLY.
# yarn lockfile v1


"@cambrianone/oracle-client@^0.1.0-beta.0":
  version "0.1.0-beta.0"
  resolved "https://registry.yarnpkg.com/@cambrianone/oracle-client/-/oracle-client-0.1.0-beta.0.tgz#f53eb7b5ad1d6d623a17b97dedae15528801f475"
  integrity sha512-vzO3H58WfvfJeLDNiEl7HUPvdH3CoyL0qlqjAHWcVapuF+rmtzVPM0yC41jnOhtCLlZF1pOvLAc9u1P9siGQhw==

"@cspotcode/source-map-support@^0.8.0":
  version "0.8.1"
  resolved "https://registry.yarnpkg.com/@cspotcode/source-map-support/-/source-map-support-0.8.1.tgz#00629c35a688e05a88b1cda684fb9d5e73f000a1"
  integrity sha512-IchNf6dN4tHoMFIn/7OE8LWZ19Y6q/67Bmf6vnGREv8RSbBVb9LPJxEcnwrcwX6ixSvaiGoomAUvu4YSxXrVgw==
  dependencies:
    "@jridgewell/trace-mapping" "0.3.9"

"@jridgewell/resolve-uri@^3.0.3":
  version "3.1.2"
  resolved "https://registry.yarnpkg.com/@jridgewell/resolve-uri/-/resolve-uri-3.1.2.tgz#7a0ee601f60f99a20c7c7c5ff0c80388c1189bd6"
  integrity sha512-bRISgCIjP20/tbWSPWMEi54QVPRZExkuD9lJL+UIxUKtwVJA8wW1Trb1jMs1RFXo1CBTNZ/5hpC9QvmKWdopKw==

"@jridgewell/sourcemap-codec@^1.4.10":
  version "1.5.0"
  resolved "https://registry.yarnpkg.com/@jridgewell/sourcemap-codec/-/sourcemap-codec-1.5.0.tgz#3188bcb273a414b0d215fd22a58540b989b9409a"
  integrity sha512-gv3ZRaISU3fjPAgNsriBRqGWQL6quFx04YMPW/zD8XMLsU32mhCCbfbO6KZFLjvYpCZ8zyDEgqsgf+PwPaM7GQ==

"@jridgewell/trace-mapping@0.3.9":
  version "0.3.9"
  resolved "https://registry.yarnpkg.com/@jridgewell/trace-mapping/-/trace-mapping-0.3.9.tgz#6534fd5933a53ba7cbf3a17615e273a0d1273ff9"
  integrity sha512-3Belt6tdc8bPgAtbcmdtNJlirVoTmEb5e2gC94PnkwEW9jI6CAHUeoG85tjWP5WquqfavoMtMwiG4P926ZKKuQ==
  dependencies:
    "@jridgewell/resolve-uri" "^3.0.3"
    "@jridgewell/sourcemap-codec" "^1.4.10"

"@solana/accounts@2.1.0":
  version "2.1.0"
  resolved "https://registry.yarnpkg.com/@solana/accounts/-/accounts-2.1.0.tgz#23fa5ba20dd7af9bfb84abc638096378b62c7276"
  integrity sha512-1JOBiLFeIeHmGx7k1b23UWF9vM1HAh9GBMCzr5rBPrGSBs+QUgxBJ3+yrRg+UPEOSELubqo7qoOVFUKYsb1nXw==
  dependencies:
    "@solana/addresses" "2.1.0"
    "@solana/codecs-core" "2.1.0"
    "@solana/codecs-strings" "2.1.0"
    "@solana/errors" "2.1.0"
    "@solana/rpc-spec" "2.1.0"
    "@solana/rpc-types" "2.1.0"

"@solana/addresses@2.1.0":
  version "2.1.0"
  resolved "https://registry.yarnpkg.com/@solana/addresses/-/addresses-2.1.0.tgz#28b07b46c41c101a1c1d894b905f27b847c095a8"
  integrity sha512-IgiRuju2yLz14GnrysOPSNZbZQ8F+7jhx7FYZLrbKogf6NX4wy4ijLHxRsLFqP8o8aY69BZULkM9MwrSjsZi7A==
  dependencies:
    "@solana/assertions" "2.1.0"
    "@solana/codecs-core" "2.1.0"
    "@solana/codecs-strings" "2.1.0"
    "@solana/errors" "2.1.0"

"@solana/assertions@2.1.0":
  version "2.1.0"
  resolved "https://registry.yarnpkg.com/@solana/assertions/-/assertions-2.1.0.tgz#ba32442e5a70ca8ddaec2d857dde1a57c5569689"
  integrity sha512-KCYmxFRsg897Ec7yGdpc0rniOlqGD3NpicmIjWIV87uiXX5uFco4t+01sKyFlhsv4T4OgHxngMsxkfQ3AUkFVg==
  dependencies:
    "@solana/errors" "2.1.0"

"@solana/codecs-core@2.1.0":
  version "2.1.0"
  resolved "https://registry.yarnpkg.com/@solana/codecs-core/-/codecs-core-2.1.0.tgz#79ac28fbcde4a09d88f4360777ceeb30ec14e3f1"
  integrity sha512-SR7pKtmJBg2mhmkel2NeHA1pz06QeQXdMv8WJoIR9m8F/hw80K/612uaYbwTt2nkK0jg/Qn/rNSd7EcJ4SBGjw==
  dependencies:
    "@solana/errors" "2.1.0"

"@solana/codecs-data-structures@2.1.0":
  version "2.1.0"
  resolved "https://registry.yarnpkg.com/@solana/codecs-data-structures/-/codecs-data-structures-2.1.0.tgz#32d8be437b055c2f395dd2b8f43d9b92a39daa91"
  integrity sha512-oDF5ek54kirqJ09q8k/qEpobBiWOhd3CkkGOTyfjsmTF/IGIigNbdYIakxV3+vudBeaNBw08y0XdBYI4JL/nqA==
  dependencies:
    "@solana/codecs-core" "2.1.0"
    "@solana/codecs-numbers" "2.1.0"
    "@solana/errors" "2.1.0"

"@solana/codecs-numbers@2.1.0":
  version "2.1.0"
  resolved "https://registry.yarnpkg.com/@solana/codecs-numbers/-/codecs-numbers-2.1.0.tgz#f6a1a9009ace56238d8d9478dd5d375b09c6342a"
  integrity sha512-XMu4yw5iCgQnMKsxSWPPOrGgtaohmupN3eyAtYv3K3C/MJEc5V90h74k5B1GUCiHvcrdUDO9RclNjD9lgbjFag==
  dependencies:
    "@solana/codecs-core" "2.1.0"
    "@solana/errors" "2.1.0"

"@solana/codecs-strings@2.1.0":
  version "2.1.0"
  resolved "https://registry.yarnpkg.com/@solana/codecs-strings/-/codecs-strings-2.1.0.tgz#13a92930b21e4d8e7a064f623c817f2082574f1a"
  integrity sha512-O/eJFLzFrHomcCR1Y5QbIqoPo7iaJaWNnIeskB4mVhVjLyjlJS4WtBP2NBRzM9uJXaXyOxxKroqqO9zFsHOpvQ==
  dependencies:
    "@solana/codecs-core" "2.1.0"
    "@solana/codecs-numbers" "2.1.0"
    "@solana/errors" "2.1.0"

"@solana/codecs@2.1.0":
  version "2.1.0"
  resolved "https://registry.yarnpkg.com/@solana/codecs/-/codecs-2.1.0.tgz#0516f2c840c5173fdadc9783511e25f1c3ea0e65"
  integrity sha512-C0TnfrpbTg7zoIFYfM65ofeL2AWEz80OsD6mjVdcTKpb1Uj7XuBuNLss3dMnatPQaL7RagD9VLA5/WfYayyteQ==
  dependencies:
    "@solana/codecs-core" "2.1.0"
    "@solana/codecs-data-structures" "2.1.0"
    "@solana/codecs-numbers" "2.1.0"
    "@solana/codecs-strings" "2.1.0"
    "@solana/options" "2.1.0"

"@solana/errors@2.1.0":
  version "2.1.0"
  resolved "https://registry.yarnpkg.com/@solana/errors/-/errors-2.1.0.tgz#1a139965fcb8bec610cc1c6194d53d169f4b5852"
  integrity sha512-l+GxAv0Ar4d3c3PlZdA9G++wFYZREEbbRyAFP8+n8HSg0vudCuzogh/13io6hYuUhG/9Ve8ARZNamhV7UScKNw==
  dependencies:
    chalk "^5.3.0"
    commander "^13.1.0"

"@solana/fast-stable-stringify@2.1.0":
  version "2.1.0"
  resolved "https://registry.yarnpkg.com/@solana/fast-stable-stringify/-/fast-stable-stringify-2.1.0.tgz#df24390539968c2e7157c0757961b097fc7ee1fa"
  integrity sha512-a8vR92qbe/VsvQ1BpN3PIEwnoHD2fTHEwCJh9GG58z3R15RIjk73gc0khjcdg4U1tZwTJqWkvk8SbDIgGdOgMA==

"@solana/functional@2.1.0":
  version "2.1.0"
  resolved "https://registry.yarnpkg.com/@solana/functional/-/functional-2.1.0.tgz#01c80d870479a8a6d14dd511fd0ae0262fc2e09d"
  integrity sha512-RVij8Av4F2uUOFcEC8n9lgD72e9gQMritmGHhMh+G91Xops4I6Few+oQ++XgSTiL2t3g3Cs0QZ13onZ0FL45FQ==

"@solana/instructions@2.1.0":
  version "2.1.0"
  resolved "https://registry.yarnpkg.com/@solana/instructions/-/instructions-2.1.0.tgz#67ac468ff9293cf881392c8180950c4023b8dff0"
  integrity sha512-wfn6e7Rgm0Sw/Th1v/pXsKTvloZvAAQI7j1yc9WcIk9ngqH5p6LhqMMkrwYPB2oTk8+MMr7SZ4E+2eK2gL6ODA==
  dependencies:
    "@solana/codecs-core" "2.1.0"
    "@solana/errors" "2.1.0"

"@solana/keys@2.1.0":
  version "2.1.0"
  resolved "https://registry.yarnpkg.com/@solana/keys/-/keys-2.1.0.tgz#c0f8940bfa4e2fa052aa1b955cbdb1e742e31fe8"
  integrity sha512-esY1+dlZjB18hZML5p+YPec29wi3HH0SzKx7RiqF//dI2cJ6vHfq3F+7ArbNnF6R2YCLFtl7DzS/tkqR2Xkxeg==
  dependencies:
    "@solana/assertions" "2.1.0"
    "@solana/codecs-core" "2.1.0"
    "@solana/codecs-strings" "2.1.0"
    "@solana/errors" "2.1.0"

"@solana/kit@^2.0.0":
  version "2.1.0"
  resolved "https://registry.yarnpkg.com/@solana/kit/-/kit-2.1.0.tgz#57ed0fd74c4330e3b0e25e961ed1264e7f8a0c24"
  integrity sha512-vqaHROLKp89xdIbaKVG6BQ44uMN9E6/rSTeltkvquD2qdTObssafGDbAKVFjwZhlNO+sdzHDCLekGabn5VAL6A==
  dependencies:
    "@solana/accounts" "2.1.0"
    "@solana/addresses" "2.1.0"
    "@solana/codecs" "2.1.0"
    "@solana/errors" "2.1.0"
    "@solana/functional" "2.1.0"
    "@solana/instructions" "2.1.0"
    "@solana/keys" "2.1.0"
    "@solana/programs" "2.1.0"
    "@solana/rpc" "2.1.0"
    "@solana/rpc-parsed-types" "2.1.0"
    "@solana/rpc-spec-types" "2.1.0"
    "@solana/rpc-subscriptions" "2.1.0"
    "@solana/rpc-types" "2.1.0"
    "@solana/signers" "2.1.0"
    "@solana/sysvars" "2.1.0"
    "@solana/transaction-confirmation" "2.1.0"
    "@solana/transaction-messages" "2.1.0"
    "@solana/transactions" "2.1.0"

"@solana/options@2.1.0":
  version "2.1.0"
  resolved "https://registry.yarnpkg.com/@solana/options/-/options-2.1.0.tgz#7ff65ea30f7f9ee481306e63b22545fea1c27552"
  integrity sha512-T/vJCr8qnwK6HxriOPXCrx31IpA9ZYecxuOzQ3G74kIayED4spmpXp6PLtRYR/fo2LZ6UcgHN0qSgONnvwEweg==
  dependencies:
    "@solana/codecs-core" "2.1.0"
    "@solana/codecs-data-structures" "2.1.0"
    "@solana/codecs-numbers" "2.1.0"
    "@solana/codecs-strings" "2.1.0"
    "@solana/errors" "2.1.0"

"@solana/programs@2.1.0":
  version "2.1.0"
  resolved "https://registry.yarnpkg.com/@solana/programs/-/programs-2.1.0.tgz#3ae57734a0ab6985cc016d90d1b8bde55edeee46"
  integrity sha512-9Y30/yUbTR99+QRN2ukNXQQTGY68oKmVrXnh/et6StM1JF5WHvAJqBigsHG5bt6KxTISoRuncBnH/IRnDqPxKg==
  dependencies:
    "@solana/addresses" "2.1.0"
    "@solana/errors" "2.1.0"

"@solana/promises@2.1.0":
  version "2.1.0"
  resolved "https://registry.yarnpkg.com/@solana/promises/-/promises-2.1.0.tgz#d740e440d85533cdf796f694e90fcb557dabdde9"
  integrity sha512-eQJaQXA2kD4dVyifzhslV3wOvq27fwOJ4az89BQ4Cz83zPbR94xOeDShwcXrKBYqaUf6XqH5MzdEo14t4tKAFQ==

"@solana/rpc-api@2.1.0":
  version "2.1.0"
  resolved "https://registry.yarnpkg.com/@solana/rpc-api/-/rpc-api-2.1.0.tgz#d4efc40d6e0dc42cf99c8e21344b71378a8bbb87"
  integrity sha512-4yCnHYHFlz9VffivoY5q/HVeBjT59byB2gmg7UyC3ktxD28AlF9jjsE5tJKiapAKr2J3KWm0D/rH/QwW14cGeA==
  dependencies:
    "@solana/addresses" "2.1.0"
    "@solana/codecs-core" "2.1.0"
    "@solana/codecs-strings" "2.1.0"
    "@solana/errors" "2.1.0"
    "@solana/keys" "2.1.0"
    "@solana/rpc-parsed-types" "2.1.0"
    "@solana/rpc-spec" "2.1.0"
    "@solana/rpc-transformers" "2.1.0"
    "@solana/rpc-types" "2.1.0"
    "@solana/transaction-messages" "2.1.0"
    "@solana/transactions" "2.1.0"

"@solana/rpc-parsed-types@2.1.0":
  version "2.1.0"
  resolved "https://registry.yarnpkg.com/@solana/rpc-parsed-types/-/rpc-parsed-types-2.1.0.tgz#7e197942a1c2c96286d4e4df9db41796d4033d1a"
  integrity sha512-mRzHemxlWDS9p1fPQNKwL+1vEOUMG8peSUJb0X/NbM12yjowDNdzM++fkOgIyCKDPddfkcoNmNrQmr2jwjdN1Q==

"@solana/rpc-spec-types@2.1.0":
  version "2.1.0"
  resolved "https://registry.yarnpkg.com/@solana/rpc-spec-types/-/rpc-spec-types-2.1.0.tgz#3285766dffeffb6612bb837b5f9bac9d1386d595"
  integrity sha512-NxcZ8piXMyCdbNUL6d36QJfL2UAQEN33StlGku0ltTVe1nrokZ5WRNjSPohU1fODlNaZzTvUFzvUkM1yGCkyzw==

"@solana/rpc-spec@2.1.0":
  version "2.1.0"
  resolved "https://registry.yarnpkg.com/@solana/rpc-spec/-/rpc-spec-2.1.0.tgz#ae28b04930a80c1f79c0fb6bb18ff9ba90f7ec1e"
  integrity sha512-NPAIM5EY7Jke0mHnmoMpgCEb/nZKIo+bgVFK/u+z74gY0JnCNt0DfocStUUQtlhqSmTyoHamt3lfxp4GT2zXbA==
  dependencies:
    "@solana/errors" "2.1.0"
    "@solana/rpc-spec-types" "2.1.0"

"@solana/rpc-subscriptions-api@2.1.0":
  version "2.1.0"
  resolved "https://registry.yarnpkg.com/@solana/rpc-subscriptions-api/-/rpc-subscriptions-api-2.1.0.tgz#7b588452aec5e9c661889737ea9f2d2d03a28a81"
  integrity sha512-de1dBRSE2CUwoZHMXQ/0v7iC+/pG0+iYY8jLHGGNxtKrYbTnV08mXQbaAMrmv2Rk8ZFmfJWbqbYZ9dRWdO3P5g==
  dependencies:
    "@solana/addresses" "2.1.0"
    "@solana/keys" "2.1.0"
    "@solana/rpc-subscriptions-spec" "2.1.0"
    "@solana/rpc-transformers" "2.1.0"
    "@solana/rpc-types" "2.1.0"
    "@solana/transaction-messages" "2.1.0"
    "@solana/transactions" "2.1.0"

"@solana/rpc-subscriptions-channel-websocket@2.1.0":
  version "2.1.0"
  resolved "https://registry.yarnpkg.com/@solana/rpc-subscriptions-channel-websocket/-/rpc-subscriptions-channel-websocket-2.1.0.tgz#17ca9df1a57e5f6cf7c6de5b777e561b3896e69f"
  integrity sha512-goJe9dv0cs967HJ382vSX8yapXgQzRHCmH323LsXrrpj/s3Eb3yUwJq7AcHgoh4gKIqyAfGybq/bE5Aa8Pcm9g==
  dependencies:
    "@solana/errors" "2.1.0"
    "@solana/functional" "2.1.0"
    "@solana/rpc-subscriptions-spec" "2.1.0"
    "@solana/subscribable" "2.1.0"

"@solana/rpc-subscriptions-spec@2.1.0":
  version "2.1.0"
  resolved "https://registry.yarnpkg.com/@solana/rpc-subscriptions-spec/-/rpc-subscriptions-spec-2.1.0.tgz#5675d65b60c9c96a633a01951edb3eac347d71b1"
  integrity sha512-Uqasfd3Tlr22lC/Vy5dToF0e68dMKPdnt4ks7FwXuPdEbNRM/TDGb0GqG+bt/d3IIrNOCA5Y8vsE0nQHGrWG/w==
  dependencies:
    "@solana/errors" "2.1.0"
    "@solana/promises" "2.1.0"
    "@solana/rpc-spec-types" "2.1.0"
    "@solana/subscribable" "2.1.0"

"@solana/rpc-subscriptions@2.1.0":
  version "2.1.0"
  resolved "https://registry.yarnpkg.com/@solana/rpc-subscriptions/-/rpc-subscriptions-2.1.0.tgz#5b86072009682ea31d1f19b21426c7f04ed92411"
  integrity sha512-dTyI03VlueE3s7mA/OBlA5l6yKUUKHMJd31tpzxV3AFnqE/QPS5NVrF/WY6pPBobLJiCP0UFOe7eR/MKP9SUCA==
  dependencies:
    "@solana/errors" "2.1.0"
    "@solana/fast-stable-stringify" "2.1.0"
    "@solana/functional" "2.1.0"
    "@solana/promises" "2.1.0"
    "@solana/rpc-spec-types" "2.1.0"
    "@solana/rpc-subscriptions-api" "2.1.0"
    "@solana/rpc-subscriptions-channel-websocket" "2.1.0"
    "@solana/rpc-subscriptions-spec" "2.1.0"
    "@solana/rpc-transformers" "2.1.0"
    "@solana/rpc-types" "2.1.0"
    "@solana/subscribable" "2.1.0"

"@solana/rpc-transformers@2.1.0":
  version "2.1.0"
  resolved "https://registry.yarnpkg.com/@solana/rpc-transformers/-/rpc-transformers-2.1.0.tgz#216be58f9369794f74a77a17ea51e6f531d4ef83"
  integrity sha512-E2xPlaCu6tNO00v4HIJxJCYkoNwgVJYad5sxbIUZOQBWwXnWIcll2jUT4bWKpBGq5vFDYfkzRBr8Rco3DhfXqg==
  dependencies:
    "@solana/errors" "2.1.0"
    "@solana/functional" "2.1.0"
    "@solana/rpc-spec-types" "2.1.0"
    "@solana/rpc-types" "2.1.0"

"@solana/rpc-transport-http@2.1.0":
  version "2.1.0"
  resolved "https://registry.yarnpkg.com/@solana/rpc-transport-http/-/rpc-transport-http-2.1.0.tgz#397e0a0747d01153524e030cb6cb41a2f2cc2c04"
  integrity sha512-E3UovTBid4/S8QDd9FkADVKfyG+v7CW5IqI4c27ZDKfazCsnDLLkqh98C6BvNCqi278HKBui4lI2GoFpCq89Pw==
  dependencies:
    "@solana/errors" "2.1.0"
    "@solana/rpc-spec" "2.1.0"
    "@solana/rpc-spec-types" "2.1.0"
    undici-types "^7.3.0"

"@solana/rpc-types@2.1.0":
  version "2.1.0"
  resolved "https://registry.yarnpkg.com/@solana/rpc-types/-/rpc-types-2.1.0.tgz#3b4b515a1da36ffff7386f8ba831fddcebf3dde3"
  integrity sha512-1ODnhmpR1X/GjB7hs4gVR3mcCagfPQV0dzq/2DNuCiMjx2snn64KP5WoAHfBEyoC9/Rb36+JpNj/hLAOikipKA==
  dependencies:
    "@solana/addresses" "2.1.0"
    "@solana/codecs-core" "2.1.0"
    "@solana/codecs-numbers" "2.1.0"
    "@solana/codecs-strings" "2.1.0"
    "@solana/errors" "2.1.0"

"@solana/rpc@2.1.0":
  version "2.1.0"
  resolved "https://registry.yarnpkg.com/@solana/rpc/-/rpc-2.1.0.tgz#9320f562537da880e76843cc5c7d815fa030e7c3"
  integrity sha512-myg9qAo6b2WKyHSMXURQykb+ZRnNEXBPLEcwRwkos8STzPPyRFg6ady2s0FCQQTtL/pVjanIU2bObZIzbMGugA==
  dependencies:
    "@solana/errors" "2.1.0"
    "@solana/fast-stable-stringify" "2.1.0"
    "@solana/functional" "2.1.0"
    "@solana/rpc-api" "2.1.0"
    "@solana/rpc-spec" "2.1.0"
    "@solana/rpc-spec-types" "2.1.0"
    "@solana/rpc-transformers" "2.1.0"
    "@solana/rpc-transport-http" "2.1.0"
    "@solana/rpc-types" "2.1.0"

"@solana/signers@2.1.0":
  version "2.1.0"
  resolved "https://registry.yarnpkg.com/@solana/signers/-/signers-2.1.0.tgz#3bdf5ec358c5243cdf49702e5d6dc260e531da34"
  integrity sha512-Yq0JdJnCecRsSBshNWy+OIRmAGeVfjwIh9Z+H1jv8u8p+dJCOreKakTWuxMt5tnj3q5K1mPcak9O2PqVPZ0teA==
  dependencies:
    "@solana/addresses" "2.1.0"
    "@solana/codecs-core" "2.1.0"
    "@solana/errors" "2.1.0"
    "@solana/instructions" "2.1.0"
    "@solana/keys" "2.1.0"
    "@solana/transaction-messages" "2.1.0"
    "@solana/transactions" "2.1.0"

"@solana/subscribable@2.1.0":
  version "2.1.0"
  resolved "https://registry.yarnpkg.com/@solana/subscribable/-/subscribable-2.1.0.tgz#690880897ff4953dc79230d7fb8ed7f3fa8fd527"
  integrity sha512-xi12Cm889+uT5sRKnIzr7nLnHAp3hiR3dqIzrT1P7z7iEGp8OnqUQIQCHlgozFHM2cPW+6685NQXk1l1ImuJIw==
  dependencies:
    "@solana/errors" "2.1.0"

"@solana/sysvars@2.1.0":
  version "2.1.0"
  resolved "https://registry.yarnpkg.com/@solana/sysvars/-/sysvars-2.1.0.tgz#4e2c6df16e84e3ce43d9d33b68583c9eded1ee00"
  integrity sha512-GXu9yS0zIebmM1Unqw/XFpYuvug03m42w98ioOPV/yiHzECggGRGpHGD9RLVYnkyz0eL4NRbnJ5dAEu/fvGe0A==
  dependencies:
    "@solana/accounts" "2.1.0"
    "@solana/codecs" "2.1.0"
    "@solana/errors" "2.1.0"
    "@solana/rpc-types" "2.1.0"

"@solana/transaction-confirmation@2.1.0":
  version "2.1.0"
  resolved "https://registry.yarnpkg.com/@solana/transaction-confirmation/-/transaction-confirmation-2.1.0.tgz#a0e8f911c84cc2503ae20307bdc479b1adfa23a9"
  integrity sha512-VxOvtvs2e9h5u73PHyE2TptLAMO5x6dOXlOgvq1Nk6l3rKM2HAsd+KDpN7gjOo8/EgItMMmyEilXygWWRgpSIA==
  dependencies:
    "@solana/addresses" "2.1.0"
    "@solana/codecs-strings" "2.1.0"
    "@solana/errors" "2.1.0"
    "@solana/keys" "2.1.0"
    "@solana/promises" "2.1.0"
    "@solana/rpc" "2.1.0"
    "@solana/rpc-subscriptions" "2.1.0"
    "@solana/rpc-types" "2.1.0"
    "@solana/transaction-messages" "2.1.0"
    "@solana/transactions" "2.1.0"

"@solana/transaction-messages@2.1.0":
  version "2.1.0"
  resolved "https://registry.yarnpkg.com/@solana/transaction-messages/-/transaction-messages-2.1.0.tgz#2a38e44cc036875409da99b2ecef4a1e8eedb010"
  integrity sha512-+GPzZHLYNFbqHKoiL8mYALp7eAXtAbI6zLViZpIM3zUbVNU3q5+FCKGv6jCBnxs+3QCbeapu+W1OyfDa6BUtTQ==
  dependencies:
    "@solana/addresses" "2.1.0"
    "@solana/codecs-core" "2.1.0"
    "@solana/codecs-data-structures" "2.1.0"
    "@solana/codecs-numbers" "2.1.0"
    "@solana/errors" "2.1.0"
    "@solana/functional" "2.1.0"
    "@solana/instructions" "2.1.0"
    "@solana/rpc-types" "2.1.0"

"@solana/transactions@2.1.0":
  version "2.1.0"
  resolved "https://registry.yarnpkg.com/@solana/transactions/-/transactions-2.1.0.tgz#d51d8ede0cc218cc03ba822929f567b4475a3508"
  integrity sha512-QeM4sCItReeIy5LU7LhGkz7RPfMPTg/Qo8h0LSfhiJiPTOHOhElmh42vkLJmwPl83+MsKtisyPQNK6penM2nAw==
  dependencies:
    "@solana/addresses" "2.1.0"
    "@solana/codecs-core" "2.1.0"
    "@solana/codecs-data-structures" "2.1.0"
    "@solana/codecs-numbers" "2.1.0"
    "@solana/codecs-strings" "2.1.0"
    "@solana/errors" "2.1.0"
    "@solana/functional" "2.1.0"
    "@solana/instructions" "2.1.0"
    "@solana/keys" "2.1.0"
    "@solana/rpc-types" "2.1.0"
    "@solana/transaction-messages" "2.1.0"

"@tsconfig/node10@^1.0.7":
  version "1.0.11"
  resolved "https://registry.yarnpkg.com/@tsconfig/node10/-/node10-1.0.11.tgz#6ee46400685f130e278128c7b38b7e031ff5b2f2"
  integrity sha512-DcRjDCujK/kCk/cUe8Xz8ZSpm8mS3mNNpta+jGCA6USEDfktlNvm1+IuZ9eTcDbNk41BHwpHHeW+N1lKCz4zOw==

"@tsconfig/node12@^1.0.7":
  version "1.0.11"
  resolved "https://registry.yarnpkg.com/@tsconfig/node12/-/node12-1.0.11.tgz#ee3def1f27d9ed66dac6e46a295cffb0152e058d"
  integrity sha512-cqefuRsh12pWyGsIoBKJA9luFu3mRxCA+ORZvA4ktLSzIuCUtWVxGIuXigEwO5/ywWFMZ2QEGKWvkZG1zDMTag==

"@tsconfig/node14@^1.0.0":
  version "1.0.3"
  resolved "https://registry.yarnpkg.com/@tsconfig/node14/-/node14-1.0.3.tgz#e4386316284f00b98435bf40f72f75a09dabf6c1"
  integrity sha512-ysT8mhdixWK6Hw3i1V2AeRqZ5WfXg1G43mqoYlM2nc6388Fq5jcXyr5mRsqViLx/GJYdoL0bfXD8nmF+Zn/Iow==

"@tsconfig/node16@^1.0.2":
  version "1.0.4"
  resolved "https://registry.yarnpkg.com/@tsconfig/node16/-/node16-1.0.4.tgz#0b92dcc0cc1c81f6f306a381f28e31b1a56536e9"
  integrity sha512-vxhUy4J8lyeyinH7Azl1pdd43GJhZH/tP2weN8TntQblOY+A0XbT8DJk1/oCPuOOyg/Ja757rG0CgHcWC8OfMA==

"@types/node@^22.13.2":
  version "22.13.2"
  resolved "https://registry.yarnpkg.com/@types/node/-/node-22.13.2.tgz#6f401c5ccadac75354f5652128e9fcc3b0cf23b7"
  integrity sha512-Z+r8y3XL9ZpI2EY52YYygAFmo2/oWfNSj4BCpAXE2McAexDk8VcnBMGC9Djn9gTKt4d2T/hhXqmPzo4hfIXtTg==
  dependencies:
    undici-types "~6.20.0"

acorn-walk@^8.1.1:
  version "8.3.4"
  resolved "https://registry.yarnpkg.com/acorn-walk/-/acorn-walk-8.3.4.tgz#794dd169c3977edf4ba4ea47583587c5866236b7"
  integrity sha512-ueEepnujpqee2o5aIYnvHU6C0A42MNdsIDeqy5BydrkuC5R1ZuUFnm27EeFJGoEHJQgn3uleRvmTXaJgfXbt4g==
  dependencies:
    acorn "^8.11.0"

acorn@^8.11.0, acorn@^8.4.1:
  version "8.14.0"
  resolved "https://registry.yarnpkg.com/acorn/-/acorn-8.14.0.tgz#063e2c70cac5fb4f6467f0b11152e04c682795b0"
  integrity sha512-cl669nCJTZBsL97OF4kUQm5g5hC2uihk0NxY3WENAC0TYdILVkAyHymAntgxGkl7K+t0cXIrH5siy5S4XkFycA==

arg@^4.1.0:
  version "4.1.3"
  resolved "https://registry.yarnpkg.com/arg/-/arg-4.1.3.tgz#269fc7ad5b8e42cb63c896d5666017261c144089"
  integrity sha512-58S9QDqG0Xx27YwPSt9fJxivjYl432YCwfDMfZ+71RAqUrZef7LrKQZ3LHLOwCS4FLNBplP533Zx895SeOCHvA==

bn.js@^5.2.1:
  version "5.2.1"
  resolved "https://registry.yarnpkg.com/bn.js/-/bn.js-5.2.1.tgz#0bc527a6a0d18d0aa8d5b0538ce4a77dccfa7b70"
  integrity sha512-eXRvHzWyYPBuB4NBy0cmYQjGitUrtqwbvlzP3G6VFnNRbsZQIxQ10PbKKHt8gZ/HW/D/747aDl+QkDqg3KQLMQ==

chalk@^5.3.0:
  version "5.4.1"
  resolved "https://registry.yarnpkg.com/chalk/-/chalk-5.4.1.tgz#1b48bf0963ec158dce2aacf69c093ae2dd2092d8"
  integrity sha512-zgVZuo2WcZgfUEmsn6eO3kINexW8RAE4maiQ8QNs8CtpPCSyMiYsULR3HQYkm3w8FIA3SberyMJMSldGsW+U3w==

commander@^13.1.0:
  version "13.1.0"
  resolved "https://registry.yarnpkg.com/commander/-/commander-13.1.0.tgz#776167db68c78f38dcce1f9b8d7b8b9a488abf46"
  integrity sha512-/rFeCpNJQbhSZjGVwO9RFV3xPqbnERS8MmIQzCtD/zl6gpJuV/bMLuN92oG3F7d8oDEHHRrujSXNUr8fpjntKw==

create-require@^1.1.0:
  version "1.1.1"
  resolved "https://registry.yarnpkg.com/create-require/-/create-require-1.1.1.tgz#c1d7e8f1e5f6cfc9ff65f9cd352d37348756c333"
  integrity sha512-dcKFX3jn0MpIaXjisoRvexIJVEKzaq7z2rZKxf+MSr9TkdmHmsU4m2lcLojrj/FHl8mk5VxMmYA+ftRkP/3oKQ==

diff@^4.0.1:
  version "4.0.2"
  resolved "https://registry.yarnpkg.com/diff/-/diff-4.0.2.tgz#60f3aecb89d5fae520c11aa19efc2bb982aade7d"
  integrity sha512-58lmxKSA4BNyLz+HHMUzlOEpg09FV+ev6ZMe3vJihgdxzgcwZ8VoEEPmALCZG9LmqfVoNMMKpttIYTVG6uDY7A==

make-error@^1.1.1:
  version "1.3.6"
  resolved "https://registry.yarnpkg.com/make-error/-/make-error-1.3.6.tgz#2eb2e37ea9b67c4891f684a1394799af484cf7a2"
  integrity sha512-s8UhlNe7vPKomQhC1qFelMokr/Sc3AgNbso3n74mVPA5LTZwkB9NlXf4XPamLxJE8h0gh73rM94xvwRT2CVInw==

ts-node@^10.9.2:
  version "10.9.2"
  resolved "https://registry.yarnpkg.com/ts-node/-/ts-node-10.9.2.tgz#70f021c9e185bccdca820e26dc413805c101c71f"
  integrity sha512-f0FFpIdcHgn8zcPSbf1dRevwt047YMnaiJM3u2w2RewrB+fob/zePZcrOyQoLMMO7aBIddLcQIEK5dYjkLnGrQ==
  dependencies:
    "@cspotcode/source-map-support" "^0.8.0"
    "@tsconfig/node10" "^1.0.7"
    "@tsconfig/node12" "^1.0.7"
    "@tsconfig/node14" "^1.0.0"
    "@tsconfig/node16" "^1.0.2"
    acorn "^8.4.1"
    acorn-walk "^8.1.1"
    arg "^4.1.0"
    create-require "^1.1.0"
    diff "^4.0.1"
    make-error "^1.1.1"
    v8-compile-cache-lib "^3.0.1"
    yn "3.1.1"

typescript@^5.7.3:
  version "5.7.3"
  resolved "https://registry.yarnpkg.com/typescript/-/typescript-5.7.3.tgz#919b44a7dbb8583a9b856d162be24a54bf80073e"
  integrity sha512-84MVSjMEHP+FQRPy3pX9sTVV/INIex71s9TL2Gm5FG/WG1SqXeKyZ0k7/blY/4FdOzI12CBy1vGc4og/eus0fw==

undici-types@^7.3.0:
  version "7.8.0"
  resolved "https://registry.yarnpkg.com/undici-types/-/undici-types-7.8.0.tgz#de00b85b710c54122e44fbfd911f8d70174cd294"
  integrity sha512-9UJ2xGDvQ43tYyVMpuHlsgApydB8ZKfVYTsLDhXkFL/6gfkp+U8xTGdh8pMJv1SpZna0zxG1DwsKZsreLbXBxw==

undici-types@~6.20.0:
  version "6.20.0"
  resolved "https://registry.yarnpkg.com/undici-types/-/undici-types-6.20.0.tgz#8171bf22c1f588d1554d55bf204bc624af388433"
  integrity sha512-Ny6QZ2Nju20vw1SRHe3d9jVu6gJ+4e3+MMpqu7pqE5HT6WsTSlce++GQmK5UXS8mzV8DSYHrQH+Xrf2jVcuKNg==

v8-compile-cache-lib@^3.0.1:
  version "3.0.1"
  resolved "https://registry.yarnpkg.com/v8-compile-cache-lib/-/v8-compile-cache-lib-3.0.1.tgz#6336e8d71965cb3d35a1bbb7868445a7c05264bf"
  integrity sha512-wa7YjyUGfNZngI/vtK0UHAN+lgDCxBPCylVXGp0zu59Fz5aiGtNXaq3DhIov063MorB+VfufLh3JlF2KdTK3xg==

ws@^8.18.0:
  version "8.18.0"
  resolved "https://registry.yarnpkg.com/ws/-/ws-8.18.0.tgz#0d7505a6eafe2b0e712d232b42279f53bc289bbc"
  integrity sha512-8VbfWfHLbbwu3+N6OKsOMpBdT4kXPDDB9cJk2bJ6mh9ucxdlnNvH1e+roYkKmN9Nxw2yjz7VzeO9oOz2zJ04Pw==

yn@3.1.1:
  version "3.1.1"
  resolved "https://registry.yarnpkg.com/yn/-/yn-3.1.1.tgz#1e87401a09d767c1d5eab26a6e4c185182d2eb50"
  integrity sha512-Ux4ygGWsu2c7isFWe8Yu1YluJmqVhxqK2cLXNQA5AcC3QfbGNpM7fu0Y8b/z16pXLnFxZYvWhd3fhBY9DLmC6Q==
